<Solution>
  <Project Path="src/Broiler.Code.Core/Broiler.Code.Core.csproj" />
  <Project Path="src/Broiler.Code.Language.CSharp.Roslyn/Broiler.Code.Language.CSharp.Roslyn.csproj" />
  <Project Path="src/Broiler.Code.Review/Broiler.Code.Review.csproj" />
  <Project Path="src/Broiler.Code.Windows/Broiler.Code.Windows.csproj" />
  <Project Path="src/Broiler.Code.Workspaces/Broiler.Code.Workspaces.csproj" />
</Solution>
